
Microsoft Visual Studio Solution File, Format Version 12.00
# Visual Studio Version 16
VisualStudioVersion = 16.0.32002.261
MinimumVisualStudioVersion = 10.0.40219.1
Project("{9A19103F-16F7-4668-BE54-9A1E7A4F7556}") = "ShopRUsWebAPI", "ShopRUsWebAPI\ShopRUsWebAPI.csproj", "{A66C9BFC-C3EA-4454-BD4C-3D0C8682F5DD}"
EndProject
Project("{FAE04EC0-301F-11D3-BF4B-00C04F79EFBC}") = "ShopRUsWebAPITest", "ShopRUsWebAPITest\ShopRUsWebAPITest.csproj", "{7139F376-0590-48CD-9865-C62BE7670A21}"
EndProject
Global
	GlobalSection(SolutionConfigurationPlatforms) = preSolution
		Debug|Any CPU = Debug|Any CPU
		Release|Any CPU = Release|Any CPU
	EndGlobalSection
	GlobalSection(ProjectConfigurationPlatforms) = postSolution
		{A66C9BFC-C3EA-4454-BD4C-3D0C8682F5DD}.Debug|Any CPU.ActiveCfg = Debug|Any CPU
		{A66C9BFC-C3EA-4454-BD4C-3D0C8682F5DD}.Debug|Any CPU.Build.0 = Debug|Any CPU
		{A66C9BFC-C3EA-4454-BD4C-3D0C8682F5DD}.Release|Any CPU.ActiveCfg = Release|Any CPU
		{A66C9BFC-C3EA-4454-BD4C-3D0C8682F5DD}.Release|Any CPU.Build.0 = Release|Any CPU
		{7139F376-0590-48CD-9865-C62BE7670A21}.Debug|Any CPU.ActiveCfg = Debug|Any CPU
		{7139F376-0590-48CD-9865-C62BE7670A21}.Debug|Any CPU.Build.0 = Debug|Any CPU
		{7139F376-0590-48CD-9865-C62BE7670A21}.Release|Any CPU.ActiveCfg = Release|Any CPU
		{7139F376-0590-48CD-9865-C62BE7670A21}.Release|Any CPU.Build.0 = Release|Any CPU
	EndGlobalSection
	GlobalSection(SolutionProperties) = preSolution
		HideSolutionNode = FALSE
	EndGlobalSection
	GlobalSection(ExtensibilityGlobals) = postSolution
		SolutionGuid = {40E736EA-1D96-44B2-847B-4C392429A739}
	EndGlobalSection
EndGlobal
